
Microsoft Visual Studio Solution File, Format Version 12.00
# Visual Studio Version 17
VisualStudioVersion = 17.9.34701.34
MinimumVisualStudioVersion = 10.0.40219.1
Project("{FAE04EC0-301F-11D3-BF4B-00C04F79EFBC}") = "Fg.Homewizard.EnergyApi", "Fg.Homewizard.EnergyApi\Fg.Homewizard.EnergyApi.csproj", "{143C60FB-7E32-4D77-A1C4-C64B4C41B199}"
EndProject
Global
	GlobalSection(SolutionConfigurationPlatforms) = preSolution
		Debug|Any CPU = Debug|Any CPU
		Release|Any CPU = Release|Any CPU
	EndGlobalSection
	GlobalSection(ProjectConfigurationPlatforms) = postSolution
		{143C60FB-7E32-4D77-A1C4-C64B4C41B199}.Debug|Any CPU.ActiveCfg = Debug|Any CPU
		{143C60FB-7E32-4D77-A1C4-C64B4C41B199}.Debug|Any CPU.Build.0 = Debug|Any CPU
		{143C60FB-7E32-4D77-A1C4-C64B4C41B199}.Release|Any CPU.ActiveCfg = Release|Any CPU
		{143C60FB-7E32-4D77-A1C4-C64B4C41B199}.Release|Any CPU.Build.0 = Release|Any CPU
	EndGlobalSection
	GlobalSection(SolutionProperties) = preSolution
		HideSolutionNode = FALSE
	EndGlobalSection
	GlobalSection(ExtensibilityGlobals) = postSolution
		SolutionGuid = {86E4832E-3C6E-40BA-9BE6-B4AD039FF1BE}
	EndGlobalSection
EndGlobal
